
Microsoft Visual Studio Solution File, Format Version 12.00
# Visual Studio Version 17
VisualStudioVersion = 17.1.32421.90
MinimumVisualStudioVersion = 10.0.40219.1
Project("{2150E333-8FDC-42A3-9474-1A3956D46DE8}") = "src", "src", "{3088CB62-F6E1-4518-8A90-43E93DB678FD}"
EndProject
Project("{2150E333-8FDC-42A3-9474-1A3956D46DE8}") = "test", "test", "{8C91939F-B245-49A1-8297-5A47C7F799CD}"
EndProject
Project("{9A19103F-16F7-4668-BE54-9A1E7A4F7556}") = "DigitalBank.Domain", "DigitalBank.Domain\DigitalBank.Domain.csproj", "{F0CC76A4-40DE-490F-B1CF-A6DA1D0B22B1}"
EndProject
Project("{9A19103F-16F7-4668-BE54-9A1E7A4F7556}") = "DigitalBank.Domain.Test", "DigitalBank.Domain.Test\DigitalBank.Domain.Test.csproj", "{D4335F3A-41EC-40B6-9B51-F1584C3EA348}"
EndProject
Project("{9A19103F-16F7-4668-BE54-9A1E7A4F7556}") = "DigitalBank.Service", "DigitalBank.Service\DigitalBank.Service.csproj", "{0DD73FB1-1E7F-4C4F-BC42-814AA5BC63B2}"
EndProject
Project("{9A19103F-16F7-4668-BE54-9A1E7A4F7556}") = "DigitalBank.Application", "DigitalBank.Application\DigitalBank.Application.csproj", "{36228CD4-F52A-4AC9-AF49-225CCA36CCCB}"
EndProject
Project("{2150E333-8FDC-42A3-9474-1A3956D46DE8}") = "Application", "Application", "{BFA599AD-9E87-4018-97A3-BE6930643848}"
EndProject
Project("{2150E333-8FDC-42A3-9474-1A3956D46DE8}") = "Domain", "Domain", "{C9E05AB6-5BAE-4AB2-9B27-9E54BC81D6F1}"
EndProject
Project("{2150E333-8FDC-42A3-9474-1A3956D46DE8}") = "Service", "Service", "{47F4A624-2837-48BA-B94D-C4977BCEDA0E}"
EndProject
Project("{2150E333-8FDC-42A3-9474-1A3956D46DE8}") = "Infra", "Infra", "{56A2880D-A35E-48F5-8F54-93A2E35305E9}"
EndProject
Project("{9A19103F-16F7-4668-BE54-9A1E7A4F7556}") = "DigitalBank.Infra.Data", "DigitalBank.Infra.Data\DigitalBank.Infra.Data.csproj", "{DFCEA561-4B6A-46DE-B542-A9936B63EF51}"
EndProject
Project("{9A19103F-16F7-4668-BE54-9A1E7A4F7556}") = "DigitalBank.Infra.Data.Tests", "DigitalBank.Infra.Data.Tests\DigitalBank.Infra.Data.Tests.csproj", "{4303F738-AEE3-4D48-9BF7-5C384F93D336}"
EndProject
Project("{9A19103F-16F7-4668-BE54-9A1E7A4F7556}") = "DigitalBank.Infra.CrossCutting", "DigitalBank.Infra.CrossCutting\DigitalBank.Infra.CrossCutting.csproj", "{CB1CCB7D-A67C-4A6A-BAEC-ABED2664EC25}"
EndProject
Project("{E53339B2-1760-4266-BCC7-CA923CBCF16C}") = "docker-compose", "docker-compose.dcproj", "{15D38408-56D5-4931-B979-E39323029BCC}"
EndProject
Global
	GlobalSection(SolutionConfigurationPlatforms) = preSolution
		Debug|Any CPU = Debug|Any CPU
		Release|Any CPU = Release|Any CPU
	EndGlobalSection
	GlobalSection(ProjectConfigurationPlatforms) = postSolution
		{F0CC76A4-40DE-490F-B1CF-A6DA1D0B22B1}.Debug|Any CPU.ActiveCfg = Debug|Any CPU
		{F0CC76A4-40DE-490F-B1CF-A6DA1D0B22B1}.Debug|Any CPU.Build.0 = Debug|Any CPU
		{F0CC76A4-40DE-490F-B1CF-A6DA1D0B22B1}.Release|Any CPU.ActiveCfg = Release|Any CPU
		{F0CC76A4-40DE-490F-B1CF-A6DA1D0B22B1}.Release|Any CPU.Build.0 = Release|Any CPU
		{D4335F3A-41EC-40B6-9B51-F1584C3EA348}.Debug|Any CPU.ActiveCfg = Debug|Any CPU
		{D4335F3A-41EC-40B6-9B51-F1584C3EA348}.Debug|Any CPU.Build.0 = Debug|Any CPU
		{D4335F3A-41EC-40B6-9B51-F1584C3EA348}.Release|Any CPU.ActiveCfg = Release|Any CPU
		{D4335F3A-41EC-40B6-9B51-F1584C3EA348}.Release|Any CPU.Build.0 = Release|Any CPU
		{0DD73FB1-1E7F-4C4F-BC42-814AA5BC63B2}.Debug|Any CPU.ActiveCfg = Debug|Any CPU
		{0DD73FB1-1E7F-4C4F-BC42-814AA5BC63B2}.Debug|Any CPU.Build.0 = Debug|Any CPU
		{0DD73FB1-1E7F-4C4F-BC42-814AA5BC63B2}.Release|Any CPU.ActiveCfg = Release|Any CPU
		{0DD73FB1-1E7F-4C4F-BC42-814AA5BC63B2}.Release|Any CPU.Build.0 = Release|Any CPU
		{36228CD4-F52A-4AC9-AF49-225CCA36CCCB}.Debug|Any CPU.ActiveCfg = Debug|Any CPU
		{36228CD4-F52A-4AC9-AF49-225CCA36CCCB}.Debug|Any CPU.Build.0 = Debug|Any CPU
		{36228CD4-F52A-4AC9-AF49-225CCA36CCCB}.Release|Any CPU.ActiveCfg = Release|Any CPU
		{36228CD4-F52A-4AC9-AF49-225CCA36CCCB}.Release|Any CPU.Build.0 = Release|Any CPU
		{DFCEA561-4B6A-46DE-B542-A9936B63EF51}.Debug|Any CPU.ActiveCfg = Debug|Any CPU
		{DFCEA561-4B6A-46DE-B542-A9936B63EF51}.Debug|Any CPU.Build.0 = Debug|Any CPU
		{DFCEA561-4B6A-46DE-B542-A9936B63EF51}.Release|Any CPU.ActiveCfg = Release|Any CPU
		{DFCEA561-4B6A-46DE-B542-A9936B63EF51}.Release|Any CPU.Build.0 = Release|Any CPU
		{4303F738-AEE3-4D48-9BF7-5C384F93D336}.Debug|Any CPU.ActiveCfg = Debug|Any CPU
		{4303F738-AEE3-4D48-9BF7-5C384F93D336}.Debug|Any CPU.Build.0 = Debug|Any CPU
		{4303F738-AEE3-4D48-9BF7-5C384F93D336}.Release|Any CPU.ActiveCfg = Release|Any CPU
		{4303F738-AEE3-4D48-9BF7-5C384F93D336}.Release|Any CPU.Build.0 = Release|Any CPU
		{CB1CCB7D-A67C-4A6A-BAEC-ABED2664EC25}.Debug|Any CPU.ActiveCfg = Debug|Any CPU
		{CB1CCB7D-A67C-4A6A-BAEC-ABED2664EC25}.Debug|Any CPU.Build.0 = Debug|Any CPU
		{CB1CCB7D-A67C-4A6A-BAEC-ABED2664EC25}.Release|Any CPU.ActiveCfg = Release|Any CPU
		{CB1CCB7D-A67C-4A6A-BAEC-ABED2664EC25}.Release|Any CPU.Build.0 = Release|Any CPU
		{15D38408-56D5-4931-B979-E39323029BCC}.Debug|Any CPU.ActiveCfg = Debug|Any CPU
		{15D38408-56D5-4931-B979-E39323029BCC}.Debug|Any CPU.Build.0 = Debug|Any CPU
		{15D38408-56D5-4931-B979-E39323029BCC}.Release|Any CPU.ActiveCfg = Release|Any CPU
		{15D38408-56D5-4931-B979-E39323029BCC}.Release|Any CPU.Build.0 = Release|Any CPU
	EndGlobalSection
	GlobalSection(SolutionProperties) = preSolution
		HideSolutionNode = FALSE
	EndGlobalSection
	GlobalSection(NestedProjects) = preSolution
		{F0CC76A4-40DE-490F-B1CF-A6DA1D0B22B1} = {C9E05AB6-5BAE-4AB2-9B27-9E54BC81D6F1}
		{D4335F3A-41EC-40B6-9B51-F1584C3EA348} = {8C91939F-B245-49A1-8297-5A47C7F799CD}
		{0DD73FB1-1E7F-4C4F-BC42-814AA5BC63B2} = {47F4A624-2837-48BA-B94D-C4977BCEDA0E}
		{36228CD4-F52A-4AC9-AF49-225CCA36CCCB} = {BFA599AD-9E87-4018-97A3-BE6930643848}
		{BFA599AD-9E87-4018-97A3-BE6930643848} = {3088CB62-F6E1-4518-8A90-43E93DB678FD}
		{C9E05AB6-5BAE-4AB2-9B27-9E54BC81D6F1} = {3088CB62-F6E1-4518-8A90-43E93DB678FD}
		{47F4A624-2837-48BA-B94D-C4977BCEDA0E} = {3088CB62-F6E1-4518-8A90-43E93DB678FD}
		{56A2880D-A35E-48F5-8F54-93A2E35305E9} = {3088CB62-F6E1-4518-8A90-43E93DB678FD}
		{DFCEA561-4B6A-46DE-B542-A9936B63EF51} = {56A2880D-A35E-48F5-8F54-93A2E35305E9}
		{4303F738-AEE3-4D48-9BF7-5C384F93D336} = {8C91939F-B245-49A1-8297-5A47C7F799CD}
		{CB1CCB7D-A67C-4A6A-BAEC-ABED2664EC25} = {56A2880D-A35E-48F5-8F54-93A2E35305E9}
	EndGlobalSection
	GlobalSection(ExtensibilityGlobals) = postSolution
		SolutionGuid = {1E253258-A79D-409E-900B-B28FCD7BC29A}
	EndGlobalSection
EndGlobal
