
Microsoft Visual Studio Solution File, Format Version 12.00
# Visual Studio Version 17
VisualStudioVersion = 17.1.32421.90
MinimumVisualStudioVersion = 10.0.40219.1
Project("{2150E333-8FDC-42A3-9474-1A3956D46DE8}") = "src", "src", "{3088CB62-F6E1-4518-8A90-43E93DB678FD}"
EndProject
Project("{2150E333-8FDC-42A3-9474-1A3956D46DE8}") = "test", "test", "{8C91939F-B245-49A1-8297-5A47C7F799CD}"
EndProject
Project("{9A19103F-16F7-4668-BE54-9A1E7A4F7556}") = "DigitalBank.Domain", "DigitalBank.Domain\DigitalBank.Domain.csproj", "{F0CC76A4-40DE-490F-B1CF-A6DA1D0B22B1}"
EndProject
Project("{9A19103F-16F7-4668-BE54-9A1E7A4F7556}") = "DigitalBank.Domain.Test", "DigitalBank.Domain.Test\DigitalBank.Domain.Test.csproj", "{D4335F3A-41EC-40B6-9B51-F1584C3EA348}"
EndProject
Project("{9A19103F-16F7-4668-BE54-9A1E7A4F7556}") = "DigitalBank.Data", "DigitalBank.Data\DigitalBank.Data.csproj", "{B2C51534-62A4-4064-8B56-E0E4E77BFA6D}"
EndProject
Project("{9A19103F-16F7-4668-BE54-9A1E7A4F7556}") = "DigitalBank.API", "DigitalBank.API\DigitalBank.API.csproj", "{ECEACE23-7913-4F9D-8A69-EE0373BACAAB}"
EndProject
Project("{9A19103F-16F7-4668-BE54-9A1E7A4F7556}") = "DigitalBank.Service", "DigitalBank.Service\DigitalBank.Service.csproj", "{0DD73FB1-1E7F-4C4F-BC42-814AA5BC63B2}"
EndProject
Project("{9A19103F-16F7-4668-BE54-9A1E7A4F7556}") = "DigitalBank.Data.Test", "DigitalBank.Data.Test\DigitalBank.Data.Test.csproj", "{62F7D804-428D-41D8-8B19-485008C505FF}"
EndProject
Global
	GlobalSection(SolutionConfigurationPlatforms) = preSolution
		Debug|Any CPU = Debug|Any CPU
		Release|Any CPU = Release|Any CPU
	EndGlobalSection
	GlobalSection(ProjectConfigurationPlatforms) = postSolution
		{F0CC76A4-40DE-490F-B1CF-A6DA1D0B22B1}.Debug|Any CPU.ActiveCfg = Debug|Any CPU
		{F0CC76A4-40DE-490F-B1CF-A6DA1D0B22B1}.Debug|Any CPU.Build.0 = Debug|Any CPU
		{F0CC76A4-40DE-490F-B1CF-A6DA1D0B22B1}.Release|Any CPU.ActiveCfg = Release|Any CPU
		{F0CC76A4-40DE-490F-B1CF-A6DA1D0B22B1}.Release|Any CPU.Build.0 = Release|Any CPU
		{D4335F3A-41EC-40B6-9B51-F1584C3EA348}.Debug|Any CPU.ActiveCfg = Debug|Any CPU
		{D4335F3A-41EC-40B6-9B51-F1584C3EA348}.Debug|Any CPU.Build.0 = Debug|Any CPU
		{D4335F3A-41EC-40B6-9B51-F1584C3EA348}.Release|Any CPU.ActiveCfg = Release|Any CPU
		{D4335F3A-41EC-40B6-9B51-F1584C3EA348}.Release|Any CPU.Build.0 = Release|Any CPU
		{B2C51534-62A4-4064-8B56-E0E4E77BFA6D}.Debug|Any CPU.ActiveCfg = Debug|Any CPU
		{B2C51534-62A4-4064-8B56-E0E4E77BFA6D}.Debug|Any CPU.Build.0 = Debug|Any CPU
		{B2C51534-62A4-4064-8B56-E0E4E77BFA6D}.Release|Any CPU.ActiveCfg = Release|Any CPU
		{B2C51534-62A4-4064-8B56-E0E4E77BFA6D}.Release|Any CPU.Build.0 = Release|Any CPU
		{ECEACE23-7913-4F9D-8A69-EE0373BACAAB}.Debug|Any CPU.ActiveCfg = Debug|Any CPU
		{ECEACE23-7913-4F9D-8A69-EE0373BACAAB}.Debug|Any CPU.Build.0 = Debug|Any CPU
		{ECEACE23-7913-4F9D-8A69-EE0373BACAAB}.Release|Any CPU.ActiveCfg = Release|Any CPU
		{ECEACE23-7913-4F9D-8A69-EE0373BACAAB}.Release|Any CPU.Build.0 = Release|Any CPU
		{0DD73FB1-1E7F-4C4F-BC42-814AA5BC63B2}.Debug|Any CPU.ActiveCfg = Debug|Any CPU
		{0DD73FB1-1E7F-4C4F-BC42-814AA5BC63B2}.Debug|Any CPU.Build.0 = Debug|Any CPU
		{0DD73FB1-1E7F-4C4F-BC42-814AA5BC63B2}.Release|Any CPU.ActiveCfg = Release|Any CPU
		{0DD73FB1-1E7F-4C4F-BC42-814AA5BC63B2}.Release|Any CPU.Build.0 = Release|Any CPU
		{62F7D804-428D-41D8-8B19-485008C505FF}.Debug|Any CPU.ActiveCfg = Debug|Any CPU
		{62F7D804-428D-41D8-8B19-485008C505FF}.Debug|Any CPU.Build.0 = Debug|Any CPU
		{62F7D804-428D-41D8-8B19-485008C505FF}.Release|Any CPU.ActiveCfg = Release|Any CPU
		{62F7D804-428D-41D8-8B19-485008C505FF}.Release|Any CPU.Build.0 = Release|Any CPU
	EndGlobalSection
	GlobalSection(SolutionProperties) = preSolution
		HideSolutionNode = FALSE
	EndGlobalSection
	GlobalSection(NestedProjects) = preSolution
		{F0CC76A4-40DE-490F-B1CF-A6DA1D0B22B1} = {3088CB62-F6E1-4518-8A90-43E93DB678FD}
		{D4335F3A-41EC-40B6-9B51-F1584C3EA348} = {8C91939F-B245-49A1-8297-5A47C7F799CD}
		{B2C51534-62A4-4064-8B56-E0E4E77BFA6D} = {3088CB62-F6E1-4518-8A90-43E93DB678FD}
		{ECEACE23-7913-4F9D-8A69-EE0373BACAAB} = {3088CB62-F6E1-4518-8A90-43E93DB678FD}
		{0DD73FB1-1E7F-4C4F-BC42-814AA5BC63B2} = {3088CB62-F6E1-4518-8A90-43E93DB678FD}
		{62F7D804-428D-41D8-8B19-485008C505FF} = {8C91939F-B245-49A1-8297-5A47C7F799CD}
	EndGlobalSection
	GlobalSection(ExtensibilityGlobals) = postSolution
		SolutionGuid = {1E253258-A79D-409E-900B-B28FCD7BC29A}
	EndGlobalSection
EndGlobal
